
Microsoft Visual Studio Solution File, Format Version 12.00
# Visual Studio Version 16
VisualStudioVersion = 25.0.1705.4
MinimumVisualStudioVersion = 10.0.40219.1
Project("{FAE04EC0-301F-11D3-BF4B-00C04F79EFBC}") = "webAPI", "webAPI.csproj", "{ACE9226F-B839-4447-A8EA-71E49D517090}"
EndProject
Global
	GlobalSection(SolutionConfigurationPlatforms) = preSolution
		Debug|Any CPU = Debug|Any CPU
		Release|Any CPU = Release|Any CPU
	EndGlobalSection
	GlobalSection(ProjectConfigurationPlatforms) = postSolution
		{ACE9226F-B839-4447-A8EA-71E49D517090}.Debug|Any CPU.ActiveCfg = Debug|Any CPU
		{ACE9226F-B839-4447-A8EA-71E49D517090}.Debug|Any CPU.Build.0 = Debug|Any CPU
		{ACE9226F-B839-4447-A8EA-71E49D517090}.Release|Any CPU.ActiveCfg = Release|Any CPU
		{ACE9226F-B839-4447-A8EA-71E49D517090}.Release|Any CPU.Build.0 = Release|Any CPU
	EndGlobalSection
	GlobalSection(SolutionProperties) = preSolution
		HideSolutionNode = FALSE
	EndGlobalSection
	GlobalSection(ExtensibilityGlobals) = postSolution
		SolutionGuid = {3D11A5A4-6073-43AE-8B35-40533E2712D9}
	EndGlobalSection
EndGlobal
